// !$*UTF8*$!
{
	archiveVersion = 1;
	classes = {
	};
	objectVersion = 55;
	objects = {

/* Begin PBXBuildFile section */
		320F9FA8DB607C9BB35374EE /* Pods_Flix.framework in Frameworks */ = {isa = PBXBuildFile; fileRef = 31133267EC3F6AEB0A524F9E /* Pods_Flix.framework */; };
		5A268DBEA7E4EBD5EAECE13F /* Pods_Flix_FlixUITests.framework in Frameworks */ = {isa = PBXBuildFile; fileRef = 5A661F086E0C14D87EE7EAEB /* Pods_Flix_FlixUITests.framework */; };
		CDA7A02627C34F5A0087A515 /* AppDelegate.swift in Sources */ = {isa = PBXBuildFile; fileRef = CDA7A02527C34F5A0087A515 /* AppDelegate.swift */; };
		CDA7A02827C34F5A0087A515 /* SceneDelegate.swift in Sources */ = {isa = PBXBuildFile; fileRef = CDA7A02727C34F5A0087A515 /* SceneDelegate.swift */; };
		CDA7A02A27C34F5A0087A515 /* MoviesViewController.swift in Sources */ = {isa = PBXBuildFile; fileRef = CDA7A02927C34F5A0087A515 /* MoviesViewController.swift */; };
		CDA7A02D27C34F5A0087A515 /* Main.storyboard in Resources */ = {isa = PBXBuildFile; fileRef = CDA7A02B27C34F5A0087A515 /* Main.storyboard */; };
		CDA7A02F27C34F5C0087A515 /* Assets.xcassets in Resources */ = {isa = PBXBuildFile; fileRef = CDA7A02E27C34F5C0087A515 /* Assets.xcassets */; };
		CDA7A03227C34F5C0087A515 /* LaunchScreen.storyboard in Resources */ = {isa = PBXBuildFile; fileRef = CDA7A03027C34F5C0087A515 /* LaunchScreen.storyboard */; };
		CDA7A03D27C34F5C0087A515 /* FlixTests.swift in Sources */ = {isa = PBXBuildFile; fileRef = CDA7A03C27C34F5C0087A515 /* FlixTests.swift */; };
		CDA7A04727C34F5C0087A515 /* FlixUITests.swift in Sources */ = {isa = PBXBuildFile; fileRef = CDA7A04627C34F5C0087A515 /* FlixUITests.swift */; };
		CDA7A04927C34F5C0087A515 /* FlixUITestsLaunchTests.swift in Sources */ = {isa = PBXBuildFile; fileRef = CDA7A04827C34F5C0087A515 /* FlixUITestsLaunchTests.swift */; };
		CDB0C04527C5E58900774E2B /* MovieCell.swift in Sources */ = {isa = PBXBuildFile; fileRef = CDB0C04427C5E58900774E2B /* MovieCell.swift */; };
		E4BA0CA7C757A4CEF8B4C8D5 /* Pods_FlixTests.framework in Frameworks */ = {isa = PBXBuildFile; fileRef = 511C18282D97389D627DAE7F /* Pods_FlixTests.framework */; };
/* End PBXBuildFile section */

/* Begin PBXContainerItemProxy section */
		CDA7A03927C34F5C0087A515 /* PBXContainerItemProxy */ = {
			isa = PBXContainerItemProxy;
			containerPortal = CDA7A01A27C34F5A0087A515 /* Project object */;
			proxyType = 1;
			remoteGlobalIDString = CDA7A02127C34F5A0087A515;
			remoteInfo = Flix;
		};
		CDA7A04327C34F5C0087A515 /* PBXContainerItemProxy */ = {
			isa = PBXContainerItemProxy;
			containerPortal = CDA7A01A27C34F5A0087A515 /* Project object */;
			proxyType = 1;
			remoteGlobalIDString = CDA7A02127C34F5A0087A515;
			remoteInfo = Flix;
		};
/* End PBXContainerItemProxy section */

/* Begin PBXFileReference section */
		18C278C037713AEDFDA8FE11 /* Pods-FlixTests.release.xcconfig */ = {isa = PBXFileReference; includeInIndex = 1; lastKnownFileType = text.xcconfig; name = "Pods-FlixTests.release.xcconfig"; path = "Target Support Files/Pods-FlixTests/Pods-FlixTests.release.xcconfig"; sourceTree = "<group>"; };
		31133267EC3F6AEB0A524F9E /* Pods_Flix.framework */ = {isa = PBXFileReference; explicitFileType = wrapper.framework; includeInIndex = 0; path = Pods_Flix.framework; sourceTree = BUILT_PRODUCTS_DIR; };
		33F1ED83650D3C84EAD88071 /* Pods-Flix.debug.xcconfig */ = {isa = PBXFileReference; includeInIndex = 1; lastKnownFileType = text.xcconfig; name = "Pods-Flix.debug.xcconfig"; path = "Target Support Files/Pods-Flix/Pods-Flix.debug.xcconfig"; sourceTree = "<group>"; };
		511C18282D97389D627DAE7F /* Pods_FlixTests.framework */ = {isa = PBXFileReference; explicitFileType = wrapper.framework; includeInIndex = 0; path = Pods_FlixTests.framework; sourceTree = BUILT_PRODUCTS_DIR; };
		5A661F086E0C14D87EE7EAEB /* Pods_Flix_FlixUITests.framework */ = {isa = PBXFileReference; explicitFileType = wrapper.framework; includeInIndex = 0; path = Pods_Flix_FlixUITests.framework; sourceTree = BUILT_PRODUCTS_DIR; };
		655A7E725CED11505C2D8540 /* Pods-Flix.release.xcconfig */ = {isa = PBXFileReference; includeInIndex = 1; lastKnownFileType = text.xcconfig; name = "Pods-Flix.release.xcconfig"; path = "Target Support Files/Pods-Flix/Pods-Flix.release.xcconfig"; sourceTree = "<group>"; };
		968823174EE760D98301D868 /* Pods-Flix-FlixUITests.release.xcconfig */ = {isa = PBXFileReference; includeInIndex = 1; lastKnownFileType = text.xcconfig; name = "Pods-Flix-FlixUITests.release.xcconfig"; path = "Target Support Files/Pods-Flix-FlixUITests/Pods-Flix-FlixUITests.release.xcconfig"; sourceTree = "<group>"; };
		A83A90D10BA48363867C1E26 /* Pods-FlixTests.debug.xcconfig */ = {isa = PBXFileReference; includeInIndex = 1; lastKnownFileType = text.xcconfig; name = "Pods-FlixTests.debug.xcconfig"; path = "Target Support Files/Pods-FlixTests/Pods-FlixTests.debug.xcconfig"; sourceTree = "<group>"; };
		ABF6E071F8CC9FC65826ACF5 /* Pods-Flix-FlixUITests.debug.xcconfig */ = {isa = PBXFileReference; includeInIndex = 1; lastKnownFileType = text.xcconfig; name = "Pods-Flix-FlixUITests.debug.xcconfig"; path = "Target Support Files/Pods-Flix-FlixUITests/Pods-Flix-FlixUITests.debug.xcconfig"; sourceTree = "<group>"; };
		CDA7A02227C34F5A0087A515 /* Flix.app */ = {isa = PBXFileReference; explicitFileType = wrapper.application; includeInIndex = 0; path = Flix.app; sourceTree = BUILT_PRODUCTS_DIR; };
		CDA7A02527C34F5A0087A515 /* AppDelegate.swift */ = {isa = PBXFileReference; lastKnownFileType = sourcecode.swift; path = AppDelegate.swift; sourceTree = "<group>"; };
		CDA7A02727C34F5A0087A515 /* SceneDelegate.swift */ = {isa = PBXFileReference; lastKnownFileType = sourcecode.swift; path = SceneDelegate.swift; sourceTree = "<group>"; };
		CDA7A02927C34F5A0087A515 /* MoviesViewController.swift */ = {isa = PBXFileReference; lastKnownFileType = sourcecode.swift; path = MoviesViewController.swift; sourceTree = "<group>"; };
		CDA7A02C27C34F5A0087A515 /* Base */ = {isa = PBXFileReference; lastKnownFileType = file.storyboard; name = Base; path = Base.lproj/Main.storyboard; sourceTree = "<group>"; };
		CDA7A02E27C34F5C0087A515 /* Assets.xcassets */ = {isa = PBXFileReference; lastKnownFileType = folder.assetcatalog; path = Assets.xcassets; sourceTree = "<group>"; };
		CDA7A03127C34F5C0087A515 /* Base */ = {isa = PBXFileReference; lastKnownFileType = file.storyboard; name = Base; path = Base.lproj/LaunchScreen.storyboard; sourceTree = "<group>"; };
		CDA7A03327C34F5C0087A515 /* Info.plist */ = {isa = PBXFileReference; lastKnownFileType = text.plist.xml; path = Info.plist; sourceTree = "<group>"; };
		CDA7A03827C34F5C0087A515 /* FlixTests.xctest */ = {isa = PBXFileReference; explicitFileType = wrapper.cfbundle; includeInIndex = 0; path = FlixTests.xctest; sourceTree = BUILT_PRODUCTS_DIR; };
		CDA7A03C27C34F5C0087A515 /* FlixTests.swift */ = {isa = PBXFileReference; lastKnownFileType = sourcecode.swift; path = FlixTests.swift; sourceTree = "<group>"; };
		CDA7A04227C34F5C0087A515 /* FlixUITests.xctest */ = {isa = PBXFileReference; explicitFileType = wrapper.cfbundle; includeInIndex = 0; path = FlixUITests.xctest; sourceTree = BUILT_PRODUCTS_DIR; };
		CDA7A04627C34F5C0087A515 /* FlixUITests.swift */ = {isa = PBXFileReference; lastKnownFileType = sourcecode.swift; path = FlixUITests.swift; sourceTree = "<group>"; };
		CDA7A04827C34F5C0087A515 /* FlixUITestsLaunchTests.swift */ = {isa = PBXFileReference; lastKnownFileType = sourcecode.swift; path = FlixUITestsLaunchTests.swift; sourceTree = "<group>"; };
		CDB0C04427C5E58900774E2B /* MovieCell.swift */ = {isa = PBXFileReference; lastKnownFileType = sourcecode.swift; path = MovieCell.swift; sourceTree = "<group>"; };
/* End PBXFileReference section */

/* Begin PBXFrameworksBuildPhase section */
		CDA7A01F27C34F5A0087A515 /* Frameworks */ = {
			isa = PBXFrameworksBuildPhase;
			buildActionMask = 2147483647;
			files = (
				320F9FA8DB607C9BB35374EE /* Pods_Flix.framework in Frameworks */,
			);
			runOnlyForDeploymentPostprocessing = 0;
		};
		CDA7A03527C34F5C0087A515 /* Frameworks */ = {
			isa = PBXFrameworksBuildPhase;
			buildActionMask = 2147483647;
			files = (
				E4BA0CA7C757A4CEF8B4C8D5 /* Pods_FlixTests.framework in Frameworks */,
			);
			runOnlyForDeploymentPostprocessing = 0;
		};
		CDA7A03F27C34F5C0087A515 /* Frameworks */ = {
			isa = PBXFrameworksBuildPhase;
			buildActionMask = 2147483647;
			files = (
				5A268DBEA7E4EBD5EAECE13F /* Pods_Flix_FlixUITests.framework in Frameworks */,
			);
			runOnlyForDeploymentPostprocessing = 0;
		};
/* End PBXFrameworksBuildPhase section */

/* Begin PBXGroup section */
		B343D597EB48568053E5412D /* Pods */ = {
			isa = PBXGroup;
			children = (
				33F1ED83650D3C84EAD88071 /* Pods-Flix.debug.xcconfig */,
				655A7E725CED11505C2D8540 /* Pods-Flix.release.xcconfig */,
				ABF6E071F8CC9FC65826ACF5 /* Pods-Flix-FlixUITests.debug.xcconfig */,
				968823174EE760D98301D868 /* Pods-Flix-FlixUITests.release.xcconfig */,
				A83A90D10BA48363867C1E26 /* Pods-FlixTests.debug.xcconfig */,
				18C278C037713AEDFDA8FE11 /* Pods-FlixTests.release.xcconfig */,
			);
			path = Pods;
			sourceTree = "<group>";
		};
		CDA7A01927C34F5A0087A515 = {
			isa = PBXGroup;
			children = (
				CDA7A02427C34F5A0087A515 /* Flix */,
				CDA7A03B27C34F5C0087A515 /* FlixTests */,
				CDA7A04527C34F5C0087A515 /* FlixUITests */,
				CDA7A02327C34F5A0087A515 /* Products */,
				B343D597EB48568053E5412D /* Pods */,
				E297A6D8E4ACDD1ABB3F92BD /* Frameworks */,
			);
			sourceTree = "<group>";
		};
		CDA7A02327C34F5A0087A515 /* Products */ = {
			isa = PBXGroup;
			children = (
				CDA7A02227C34F5A0087A515 /* Flix.app */,
				CDA7A03827C34F5C0087A515 /* FlixTests.xctest */,
				CDA7A04227C34F5C0087A515 /* FlixUITests.xctest */,
			);
			name = Products;
			sourceTree = "<group>";
		};
		CDA7A02427C34F5A0087A515 /* Flix */ = {
			isa = PBXGroup;
			children = (
				CDB0C04427C5E58900774E2B /* MovieCell.swift */,
				CDA7A02527C34F5A0087A515 /* AppDelegate.swift */,
				CDA7A02727C34F5A0087A515 /* SceneDelegate.swift */,
				CDA7A02927C34F5A0087A515 /* MoviesViewController.swift */,
				CDA7A02B27C34F5A0087A515 /* Main.storyboard */,
				CDA7A02E27C34F5C0087A515 /* Assets.xcassets */,
				CDA7A03027C34F5C0087A515 /* LaunchScreen.storyboard */,
				CDA7A03327C34F5C0087A515 /* Info.plist */,
			);
			path = Flix;
			sourceTree = "<group>";
		};
		CDA7A03B27C34F5C0087A515 /* FlixTests */ = {
			isa = PBXGroup;
			children = (
				CDA7A03C27C34F5C0087A515 /* FlixTests.swift */,
			);
			path = FlixTests;
			sourceTree = "<group>";
		};
		CDA7A04527C34F5C0087A515 /* FlixUITests */ = {
			isa = PBXGroup;
			children = (
				CDA7A04627C34F5C0087A515 /* FlixUITests.swift */,
				CDA7A04827C34F5C0087A515 /* FlixUITestsLaunchTests.swift */,
			);
			path = FlixUITests;
			sourceTree = "<group>";
		};
		E297A6D8E4ACDD1ABB3F92BD /* Frameworks */ = {
			isa = PBXGroup;
			children = (
				31133267EC3F6AEB0A524F9E /* Pods_Flix.framework */,
				5A661F086E0C14D87EE7EAEB /* Pods_Flix_FlixUITests.framework */,
				511C18282D97389D627DAE7F /* Pods_FlixTests.framework */,
			);
			name = Frameworks;
			sourceTree = "<group>";
		};
/* End PBXGroup section */

/* Begin PBXNativeTarget section */
		CDA7A02127C34F5A0087A515 /* Flix */ = {
			isa = PBXNativeTarget;
			buildConfigurationList = CDA7A04C27C34F5C0087A515 /* Build configuration list for PBXNativeTarget "Flix" */;
			buildPhases = (
				5298CFC20096F88336CB9EB8 /* [CP] Check Pods Manifest.lock */,
				CDA7A01E27C34F5A0087A515 /* Sources */,
				CDA7A01F27C34F5A0087A515 /* Frameworks */,
				CDA7A02027C34F5A0087A515 /* Resources */,
				CCE14F8D60B65FA31329C3EF /* [CP] Embed Pods Frameworks */,
			);
			buildRules = (
			);
			dependencies = (
			);
			name = Flix;
			productName = Flix;
			productReference = CDA7A02227C34F5A0087A515 /* Flix.app */;
			productType = "com.apple.product-type.application";
		};
		CDA7A03727C34F5C0087A515 /* FlixTests */ = {
			isa = PBXNativeTarget;
			buildConfigurationList = CDA7A04F27C34F5C0087A515 /* Build configuration list for PBXNativeTarget "FlixTests" */;
			buildPhases = (
				F8F23B71CD22E79F9313B06B /* [CP] Check Pods Manifest.lock */,
				CDA7A03427C34F5C0087A515 /* Sources */,
				CDA7A03527C34F5C0087A515 /* Frameworks */,
				CDA7A03627C34F5C0087A515 /* Resources */,
			);
			buildRules = (
			);
			dependencies = (
				CDA7A03A27C34F5C0087A515 /* PBXTargetDependency */,
			);
			name = FlixTests;
			productName = FlixTests;
			productReference = CDA7A03827C34F5C0087A515 /* FlixTests.xctest */;
			productType = "com.apple.product-type.bundle.unit-test";
		};
		CDA7A04127C34F5C0087A515 /* FlixUITests */ = {
			isa = PBXNativeTarget;
			buildConfigurationList = CDA7A05227C34F5C0087A515 /* Build configuration list for PBXNativeTarget "FlixUITests" */;
			buildPhases = (
				EC0CF829CF3E13ED5CAE9B63 /* [CP] Check Pods Manifest.lock */,
				CDA7A03E27C34F5C0087A515 /* Sources */,
				CDA7A03F27C34F5C0087A515 /* Frameworks */,
				CDA7A04027C34F5C0087A515 /* Resources */,
				A88C99B30ABA95DD8E610B58 /* [CP] Embed Pods Frameworks */,
			);
			buildRules = (
			);
			dependencies = (
				CDA7A04427C34F5C0087A515 /* PBXTargetDependency */,
			);
			name = FlixUITests;
			productName = FlixUITests;
			productReference = CDA7A04227C34F5C0087A515 /* FlixUITests.xctest */;
			productType = "com.apple.product-type.bundle.ui-testing";
		};
/* End PBXNativeTarget section */

/* Begin PBXProject section */
		CDA7A01A27C34F5A0087A515 /* Project object */ = {
			isa = PBXProject;
			attributes = {
				BuildIndependentTargetsInParallel = 1;
				LastSwiftUpdateCheck = 1320;
				LastUpgradeCheck = 1320;
				TargetAttributes = {
					CDA7A02127C34F5A0087A515 = {
						CreatedOnToolsVersion = 13.2.1;
					};
					CDA7A03727C34F5C0087A515 = {
						CreatedOnToolsVersion = 13.2.1;
						TestTargetID = CDA7A02127C34F5A0087A515;
					};
					CDA7A04127C34F5C0087A515 = {
						CreatedOnToolsVersion = 13.2.1;
						TestTargetID = CDA7A02127C34F5A0087A515;
					};
				};
			};
			buildConfigurationList = CDA7A01D27C34F5A0087A515 /* Build configuration list for PBXProject "Flix" */;
			compatibilityVersion = "Xcode 13.0";
			developmentRegion = en;
			hasScannedForEncodings = 0;
			knownRegions = (
				en,
				Base,
			);
			mainGroup = CDA7A01927C34F5A0087A515;
			productRefGroup = CDA7A02327C34F5A0087A515 /* Products */;
			projectDirPath = "";
			projectRoot = "";
			targets = (
				CDA7A02127C34F5A0087A515 /* Flix */,
				CDA7A03727C34F5C0087A515 /* FlixTests */,
				CDA7A04127C34F5C0087A515 /* FlixUITests */,
			);
		};
/* End PBXProject section */

/* Begin PBXResourcesBuildPhase section */
		CDA7A02027C34F5A0087A515 /* Resources */ = {
			isa = PBXResourcesBuildPhase;
			buildActionMask = 2147483647;
			files = (
				CDA7A03227C34F5C0087A515 /* LaunchScreen.storyboard in Resources */,
				CDA7A02F27C34F5C0087A515 /* Assets.xcassets in Resources */,
				CDA7A02D27C34F5A0087A515 /* Main.storyboard in Resources */,
			);
			runOnlyForDeploymentPostprocessing = 0;
		};
		CDA7A03627C34F5C0087A515 /* Resources */ = {
			isa = PBXResourcesBuildPhase;
			buildActionMask = 2147483647;
			files = (
			);
			runOnlyForDeploymentPostprocessing = 0;
		};
		CDA7A04027C34F5C0087A515 /* Resources */ = {
			isa = PBXResourcesBuildPhase;
			buildActionMask = 2147483647;
			files = (
			);
			runOnlyForDeploymentPostprocessing = 0;
		};
/* End PBXResourcesBuildPhase section */

/* Begin PBXShellScriptBuildPhase section */
		5298CFC20096F88336CB9EB8 /* [CP] Check Pods Manifest.lock */ = {
			isa = PBXShellScriptBuildPhase;
			buildActionMask = 2147483647;
			files = (
			);
			inputFileListPaths = (
			);
			inputPaths = (
				"${PODS_PODFILE_DIR_PATH}/Podfile.lock",
				"${PODS_ROOT}/Manifest.lock",
			);
			name = "[CP] Check Pods Manifest.lock";
			outputFileListPaths = (
			);
			outputPaths = (
				"$(DERIVED_FILE_DIR)/Pods-Flix-checkManifestLockResult.txt",
			);
			runOnlyForDeploymentPostprocessing = 0;
			shellPath = /bin/sh;
			shellScript = "diff \"${PODS_PODFILE_DIR_PATH}/Podfile.lock\" \"${PODS_ROOT}/Manifest.lock\" > /dev/null\nif [ $? != 0 ] ; then\n    # print error to STDERR\n    echo \"error: The sandbox is not in sync with the Podfile.lock. Run 'pod install' or update your CocoaPods installation.\" >&2\n    exit 1\nfi\n# This output is used by Xcode 'outputs' to avoid re-running this script phase.\necho \"SUCCESS\" > \"${SCRIPT_OUTPUT_FILE_0}\"\n";
			showEnvVarsInLog = 0;
		};
		A88C99B30ABA95DD8E610B58 /* [CP] Embed Pods Frameworks */ = {
			isa = PBXShellScriptBuildPhase;
			buildActionMask = 2147483647;
			files = (
			);
			inputFileListPaths = (
				"${PODS_ROOT}/Target Support Files/Pods-Flix-FlixUITests/Pods-Flix-FlixUITests-frameworks-${CONFIGURATION}-input-files.xcfilelist",
			);
			name = "[CP] Embed Pods Frameworks";
			outputFileListPaths = (
				"${PODS_ROOT}/Target Support Files/Pods-Flix-FlixUITests/Pods-Flix-FlixUITests-frameworks-${CONFIGURATION}-output-files.xcfilelist",
			);
			runOnlyForDeploymentPostprocessing = 0;
			shellPath = /bin/sh;
			shellScript = "\"${PODS_ROOT}/Target Support Files/Pods-Flix-FlixUITests/Pods-Flix-FlixUITests-frameworks.sh\"\n";
			showEnvVarsInLog = 0;
		};
		CCE14F8D60B65FA31329C3EF /* [CP] Embed Pods Frameworks */ = {
			isa = PBXShellScriptBuildPhase;
			buildActionMask = 2147483647;
			files = (
			);
			inputFileListPaths = (
				"${PODS_ROOT}/Target Support Files/Pods-Flix/Pods-Flix-frameworks-${CONFIGURATION}-input-files.xcfilelist",
			);
			name = "[CP] Embed Pods Frameworks";
			outputFileListPaths = (
				"${PODS_ROOT}/Target Support Files/Pods-Flix/Pods-Flix-frameworks-${CONFIGURATION}-output-files.xcfilelist",
			);
			runOnlyForDeploymentPostprocessing = 0;
			shellPath = /bin/sh;
			shellScript = "\"${PODS_ROOT}/Target Support Files/Pods-Flix/Pods-Flix-frameworks.sh\"\n";
			showEnvVarsInLog = 0;
		};
		EC0CF829CF3E13ED5CAE9B63 /* [CP] Check Pods Manifest.lock */ = {
			isa = PBXShellScriptBuildPhase;
			buildActionMask = 2147483647;
			files = (
			);
			inputFileListPaths = (
			);
			inputPaths = (
				"${PODS_PODFILE_DIR_PATH}/Podfile.lock",
				"${PODS_ROOT}/Manifest.lock",
			);
			name = "[CP] Check Pods Manifest.lock";
			outputFileListPaths = (
			);
			outputPaths = (
				"$(DERIVED_FILE_DIR)/Pods-Flix-FlixUITests-checkManifestLockResult.txt",
			);
			runOnlyForDeploymentPostprocessing = 0;
			shellPath = /bin/sh;
			shellScript = "diff \"${PODS_PODFILE_DIR_PATH}/Podfile.lock\" \"${PODS_ROOT}/Manifest.lock\" > /dev/null\nif [ $? != 0 ] ; then\n    # print error to STDERR\n    echo \"error: The sandbox is not in sync with the Podfile.lock. Run 'pod install' or update your CocoaPods installation.\" >&2\n    exit 1\nfi\n# This output is used by Xcode 'outputs' to avoid re-running this script phase.\necho \"SUCCESS\" > \"${SCRIPT_OUTPUT_FILE_0}\"\n";
			showEnvVarsInLog = 0;
		};
		F8F23B71CD22E79F9313B06B /* [CP] Check Pods Manifest.lock */ = {
			isa = PBXShellScriptBuildPhase;
			buildActionMask = 2147483647;
			files = (
			);
			inputFileListPaths = (
			);
			inputPaths = (
				"${PODS_PODFILE_DIR_PATH}/Podfile.lock",
				"${PODS_ROOT}/Manifest.lock",
			);
			name = "[CP] Check Pods Manifest.lock";
			outputFileListPaths = (
			);
			outputPaths = (
				"$(DERIVED_FILE_DIR)/Pods-FlixTests-checkManifestLockResult.txt",
			);
			runOnlyForDeploymentPostprocessing = 0;
			shellPath = /bin/sh;
			shellScript = "diff \"${PODS_PODFILE_DIR_PATH}/Podfile.lock\" \"${PODS_ROOT}/Manifest.lock\" > /dev/null\nif [ $? != 0 ] ; then\n    # print error to STDERR\n    echo \"error: The sandbox is not in sync with the Podfile.lock. Run 'pod install' or update your CocoaPods installation.\" >&2\n    exit 1\nfi\n# This output is used by Xcode 'outputs' to avoid re-running this script phase.\necho \"SUCCESS\" > \"${SCRIPT_OUTPUT_FILE_0}\"\n";
			showEnvVarsInLog = 0;
		};
/* End PBXShellScriptBuildPhase section */

/* Begin PBXSourcesBuildPhase section */
		CDA7A01E27C34F5A0087A515 /* Sources */ = {
			isa = PBXSourcesBuildPhase;
			buildActionMask = 2147483647;
			files = (
				CDA7A02A27C34F5A0087A515 /* MoviesViewController.swift in Sources */,
				CDA7A02627C34F5A0087A515 /* AppDelegate.swift in Sources */,
				CDB0C04527C5E58900774E2B /* MovieCell.swift in Sources */,
				CDA7A02827C34F5A0087A515 /* SceneDelegate.swift in Sources */,
			);
			runOnlyForDeploymentPostprocessing = 0;
		};
		CDA7A03427C34F5C0087A515 /* Sources */ = {
			isa = PBXSourcesBuildPhase;
			buildActionMask = 2147483647;
			files = (
				CDA7A03D27C34F5C0087A515 /* FlixTests.swift in Sources */,
			);
			runOnlyForDeploymentPostprocessing = 0;
		};
		CDA7A03E27C34F5C0087A515 /* Sources */ = {
			isa = PBXSourcesBuildPhase;
			buildActionMask = 2147483647;
			files = (
				CDA7A04727C34F5C0087A515 /* FlixUITests.swift in Sources */,
				CDA7A04927C34F5C0087A515 /* FlixUITestsLaunchTests.swift in Sources */,
			);
			runOnlyForDeploymentPostprocessing = 0;
		};
/* End PBXSourcesBuildPhase section */

/* Begin PBXTargetDependency section */
		CDA7A03A27C34F5C0087A515 /* PBXTargetDependency */ = {
			isa = PBXTargetDependency;
			target = CDA7A02127C34F5A0087A515 /* Flix */;
			targetProxy = CDA7A03927C34F5C0087A515 /* PBXContainerItemProxy */;
		};
		CDA7A04427C34F5C0087A515 /* PBXTargetDependency */ = {
			isa = PBXTargetDependency;
			target = CDA7A02127C34F5A0087A515 /* Flix */;
			targetProxy = CDA7A04327C34F5C0087A515 /* PBXContainerItemProxy */;
		};
/* End PBXTargetDependency section */

/* Begin PBXVariantGroup section */
		CDA7A02B27C34F5A0087A515 /* Main.storyboard */ = {
			isa = PBXVariantGroup;
			children = (
				CDA7A02C27C34F5A0087A515 /* Base */,
			);
			name = Main.storyboard;
			sourceTree = "<group>";
		};
		CDA7A03027C34F5C0087A515 /* LaunchScreen.storyboard */ = {
			isa = PBXVariantGroup;
			children = (
				CDA7A03127C34F5C0087A515 /* Base */,
			);
			name = LaunchScreen.storyboard;
			sourceTree = "<group>";
		};
/* End PBXVariantGroup section */

/* Begin XCBuildConfiguration section */
		CDA7A04A27C34F5C0087A515 /* Debug */ = {
			isa = XCBuildConfiguration;
			buildSettings = {
				ALWAYS_SEARCH_USER_PATHS = NO;
				CLANG_ANALYZER_NONNULL = YES;
				CLANG_ANALYZER_NUMBER_OBJECT_CONVERSION = YES_AGGRESSIVE;
				CLANG_CXX_LANGUAGE_STANDARD = "gnu++17";
				CLANG_CXX_LIBRARY = "libc++";
				CLANG_ENABLE_MODULES = YES;
				CLANG_ENABLE_OBJC_ARC = YES;
				CLANG_ENABLE_OBJC_WEAK = YES;
				CLANG_WARN_BLOCK_CAPTURE_AUTORELEASING = YES;
				CLANG_WARN_BOOL_CONVERSION = YES;
				CLANG_WARN_COMMA = YES;
				CLANG_WARN_CONSTANT_CONVERSION = YES;
				CLANG_WARN_DEPRECATED_OBJC_IMPLEMENTATIONS = YES;
				CLANG_WARN_DIRECT_OBJC_ISA_USAGE = YES_ERROR;
				CLANG_WARN_DOCUMENTATION_COMMENTS = YES;
				CLANG_WARN_EMPTY_BODY = YES;
				CLANG_WARN_ENUM_CONVERSION = YES;
				CLANG_WARN_INFINITE_RECURSION = YES;
				CLANG_WARN_INT_CONVERSION = YES;
				CLANG_WARN_NON_LITERAL_NULL_CONVERSION = YES;
				CLANG_WARN_OBJC_IMPLICIT_RETAIN_SELF = YES;
				CLANG_WARN_OBJC_LITERAL_CONVERSION = YES;
				CLANG_WARN_OBJC_ROOT_CLASS = YES_ERROR;
				CLANG_WARN_QUOTED_INCLUDE_IN_FRAMEWORK_HEADER = YES;
				CLANG_WARN_RANGE_LOOP_ANALYSIS = YES;
				CLANG_WARN_STRICT_PROTOTYPES = YES;
				CLANG_WARN_SUSPICIOUS_MOVE = YES;
				CLANG_WARN_UNGUARDED_AVAILABILITY = YES_AGGRESSIVE;
				CLANG_WARN_UNREACHABLE_CODE = YES;
				CLANG_WARN__DUPLICATE_METHOD_MATCH = YES;
				COPY_PHASE_STRIP = NO;
				DEBUG_INFORMATION_FORMAT = dwarf;
				ENABLE_STRICT_OBJC_MSGSEND = YES;
				ENABLE_TESTABILITY = YES;
				GCC_C_LANGUAGE_STANDARD = gnu11;
				GCC_DYNAMIC_NO_PIC = NO;
				GCC_NO_COMMON_BLOCKS = YES;
				GCC_OPTIMIZATION_LEVEL = 0;
				GCC_PREPROCESSOR_DEFINITIONS = (
					"DEBUG=1",
					"$(inherited)",
				);
				GCC_WARN_64_TO_32_BIT_CONVERSION = YES;
				GCC_WARN_ABOUT_RETURN_TYPE = YES_ERROR;
				GCC_WARN_UNDECLARED_SELECTOR = YES;
				GCC_WARN_UNINITIALIZED_AUTOS = YES_AGGRESSIVE;
				GCC_WARN_UNUSED_FUNCTION = YES;
				GCC_WARN_UNUSED_VARIABLE = YES;
				IPHONEOS_DEPLOYMENT_TARGET = 15.2;
				MTL_ENABLE_DEBUG_INFO = INCLUDE_SOURCE;
				MTL_FAST_MATH = YES;
				ONLY_ACTIVE_ARCH = YES;
				SDKROOT = iphoneos;
				SWIFT_ACTIVE_COMPILATION_CONDITIONS = DEBUG;
				SWIFT_OPTIMIZATION_LEVEL = "-Onone";
			};
			name = Debug;
		};
		CDA7A04B27C34F5C0087A515 /* Release */ = {
			isa = XCBuildConfiguration;
			buildSettings = {
				ALWAYS_SEARCH_USER_PATHS = NO;
				CLANG_ANALYZER_NONNULL = YES;
				CLANG_ANALYZER_NUMBER_OBJECT_CONVERSION = YES_AGGRESSIVE;
				CLANG_CXX_LANGUAGE_STANDARD = "gnu++17";
				CLANG_CXX_LIBRARY = "libc++";
				CLANG_ENABLE_MODULES = YES;
				CLANG_ENABLE_OBJC_ARC = YES;
				CLANG_ENABLE_OBJC_WEAK = YES;
				CLANG_WARN_BLOCK_CAPTURE_AUTORELEASING = YES;
				CLANG_WARN_BOOL_CONVERSION = YES;
				CLANG_WARN_COMMA = YES;
				CLANG_WARN_CONSTANT_CONVERSION = YES;
				CLANG_WARN_DEPRECATED_OBJC_IMPLEMENTATIONS = YES;
				CLANG_WARN_DIRECT_OBJC_ISA_USAGE = YES_ERROR;
				CLANG_WARN_DOCUMENTATION_COMMENTS = YES;
				CLANG_WARN_EMPTY_BODY = YES;
				CLANG_WARN_ENUM_CONVERSION = YES;
				CLANG_WARN_INFINITE_RECURSION = YES;
				CLANG_WARN_INT_CONVERSION = YES;
				CLANG_WARN_NON_LITERAL_NULL_CONVERSION = YES;
				CLANG_WARN_OBJC_IMPLICIT_RETAIN_SELF = YES;
				CLANG_WARN_OBJC_LITERAL_CONVERSION = YES;
				CLANG_WARN_OBJC_ROOT_CLASS = YES_ERROR;
				CLANG_WARN_QUOTED_INCLUDE_IN_FRAMEWORK_HEADER = YES;
				CLANG_WARN_RANGE_LOOP_ANALYSIS = YES;
				CLANG_WARN_STRICT_PROTOTYPES = YES;
				CLANG_WARN_SUSPICIOUS_MOVE = YES;
				CLANG_WARN_UNGUARDED_AVAILABILITY = YES_AGGRESSIVE;
				CLANG_WARN_UNREACHABLE_CODE = YES;
				CLANG_WARN__DUPLICATE_METHOD_MATCH = YES;
				COPY_PHASE_STRIP = NO;
				DEBUG_INFORMATION_FORMAT = "dwarf-with-dsym";
				ENABLE_NS_ASSERTIONS = NO;
				ENABLE_STRICT_OBJC_MSGSEND = YES;
				GCC_C_LANGUAGE_STANDARD = gnu11;
				GCC_NO_COMMON_BLOCKS = YES;
				GCC_WARN_64_TO_32_BIT_CONVERSION = YES;
				GCC_WARN_ABOUT_RETURN_TYPE = YES_ERROR;
				GCC_WARN_UNDECLARED_SELECTOR = YES;
				GCC_WARN_UNINITIALIZED_AUTOS = YES_AGGRESSIVE;
				GCC_WARN_UNUSED_FUNCTION = YES;
				GCC_WARN_UNUSED_VARIABLE = YES;
				IPHONEOS_DEPLOYMENT_TARGET = 15.2;
				MTL_ENABLE_DEBUG_INFO = NO;
				MTL_FAST_MATH = YES;
				SDKROOT = iphoneos;
				SWIFT_COMPILATION_MODE = wholemodule;
				SWIFT_OPTIMIZATION_LEVEL = "-O";
				VALIDATE_PRODUCT = YES;
			};
			name = Release;
		};
		CDA7A04D27C34F5C0087A515 /* Debug */ = {
			isa = XCBuildConfiguration;
			baseConfigurationReference = 33F1ED83650D3C84EAD88071 /* Pods-Flix.debug.xcconfig */;
			buildSettings = {
				ASSETCATALOG_COMPILER_APPICON_NAME = AppIcon;
				ASSETCATALOG_COMPILER_GLOBAL_ACCENT_COLOR_NAME = AccentColor;
				CODE_SIGN_STYLE = Automatic;
				CURRENT_PROJECT_VERSION = 1;
				DEVELOPMENT_TEAM = R929ZACJBD;
				GENERATE_INFOPLIST_FILE = YES;
				INFOPLIST_FILE = Flix/Info.plist;
				INFOPLIST_KEY_UIApplicationSupportsIndirectInputEvents = YES;
				INFOPLIST_KEY_UILaunchStoryboardName = LaunchScreen;
				INFOPLIST_KEY_UIMainStoryboardFile = Main;
				INFOPLIST_KEY_UISupportedInterfaceOrientations_iPad = "UIInterfaceOrientationPortrait UIInterfaceOrientationPortraitUpsideDown UIInterfaceOrientationLandscapeLeft UIInterfaceOrientationLandscapeRight";
				INFOPLIST_KEY_UISupportedInterfaceOrientations_iPhone = "UIInterfaceOrientationPortrait UIInterfaceOrientationLandscapeLeft UIInterfaceOrientationLandscapeRight";
				LD_RUNPATH_SEARCH_PATHS = (
					"$(inherited)",
					"@executable_path/Frameworks",
				);
				MARKETING_VERSION = 1.0;
				PRODUCT_BUNDLE_IDENTIFIER = antonio.Flix;
				PRODUCT_NAME = "$(TARGET_NAME)";
				SWIFT_EMIT_LOC_STRINGS = YES;
				SWIFT_VERSION = 5.0;
				TARGETED_DEVICE_FAMILY = "1,2";
			};
			name = Debug;
		};
		CDA7A04E27C34F5C0087A515 /* Release */ = {
			isa = XCBuildConfiguration;
			baseConfigurationReference = 655A7E725CED11505C2D8540 /* Pods-Flix.release.xcconfig */;
			buildSettings = {
				ASSETCATALOG_COMPILER_APPICON_NAME = AppIcon;
				ASSETCATALOG_COMPILER_GLOBAL_ACCENT_COLOR_NAME = AccentColor;
				CODE_SIGN_STYLE = Automatic;
				CURRENT_PROJECT_VERSION = 1;
				DEVELOPMENT_TEAM = R929ZACJBD;
				GENERATE_INFOPLIST_FILE = YES;
				INFOPLIST_FILE = Flix/Info.plist;
				INFOPLIST_KEY_UIApplicationSupportsIndirectInputEvents = YES;
				INFOPLIST_KEY_UILaunchStoryboardName = LaunchScreen;
				INFOPLIST_KEY_UIMainStoryboardFile = Main;
				INFOPLIST_KEY_UISupportedInterfaceOrientations_iPad = "UIInterfaceOrientationPortrait UIInterfaceOrientationPortraitUpsideDown UIInterfaceOrientationLandscapeLeft UIInterfaceOrientationLandscapeRight";
				INFOPLIST_KEY_UISupportedInterfaceOrientations_iPhone = "UIInterfaceOrientationPortrait UIInterfaceOrientationLandscapeLeft UIInterfaceOrientationLandscapeRight";
				LD_RUNPATH_SEARCH_PATHS = (
					"$(inherited)",
					"@executable_path/Frameworks",
				);
				MARKETING_VERSION = 1.0;
				PRODUCT_BUNDLE_IDENTIFIER = antonio.Flix;
				PRODUCT_NAME = "$(TARGET_NAME)";
				SWIFT_EMIT_LOC_STRINGS = YES;
				SWIFT_VERSION = 5.0;
				TARGETED_DEVICE_FAMILY = "1,2";
			};
			name = Release;
		};
		CDA7A05027C34F5C0087A515 /* Debug */ = {
			isa = XCBuildConfiguration;
			baseConfigurationReference = A83A90D10BA48363867C1E26 /* Pods-FlixTests.debug.xcconfig */;
			buildSettings = {
				ALWAYS_EMBED_SWIFT_STANDARD_LIBRARIES = YES;
				BUNDLE_LOADER = "$(TEST_HOST)";
				CODE_SIGN_STYLE = Automatic;
				CURRENT_PROJECT_VERSION = 1;
				GENERATE_INFOPLIST_FILE = YES;
				IPHONEOS_DEPLOYMENT_TARGET = 15.2;
				MARKETING_VERSION = 1.0;
				PRODUCT_BUNDLE_IDENTIFIER = antonio.FlixTests;
				PRODUCT_NAME = "$(TARGET_NAME)";
				SWIFT_EMIT_LOC_STRINGS = NO;
				SWIFT_VERSION = 5.0;
				TARGETED_DEVICE_FAMILY = "1,2";
				TEST_HOST = "$(BUILT_PRODUCTS_DIR)/Flix.app/Flix";
			};
			name = Debug;
		};
		CDA7A05127C34F5C0087A515 /* Release */ = {
			isa = XCBuildConfiguration;
			baseConfigurationReference = 18C278C037713AEDFDA8FE11 /* Pods-FlixTests.release.xcconfig */;
			buildSettings = {
				ALWAYS_EMBED_SWIFT_STANDARD_LIBRARIES = YES;
				BUNDLE_LOADER = "$(TEST_HOST)";
				CODE_SIGN_STYLE = Automatic;
				CURRENT_PROJECT_VERSION = 1;
				GENERATE_INFOPLIST_FILE = YES;
				IPHONEOS_DEPLOYMENT_TARGET = 15.2;
				MARKETING_VERSION = 1.0;
				PRODUCT_BUNDLE_IDENTIFIER = antonio.FlixTests;
				PRODUCT_NAME = "$(TARGET_NAME)";
				SWIFT_EMIT_LOC_STRINGS = NO;
				SWIFT_VERSION = 5.0;
				TARGETED_DEVICE_FAMILY = "1,2";
				TEST_HOST = "$(BUILT_PRODUCTS_DIR)/Flix.app/Flix";
			};
			name = Release;
		};
		CDA7A05327C34F5C0087A515 /* Debug */ = {
			isa = XCBuildConfiguration;
			baseConfigurationReference = ABF6E071F8CC9FC65826ACF5 /* Pods-Flix-FlixUITests.debug.xcconfig */;
			buildSettings = {
				ALWAYS_EMBED_SWIFT_STANDARD_LIBRARIES = YES;
				CODE_SIGN_STYLE = Automatic;
				CURRENT_PROJECT_VERSION = 1;
				GENERATE_INFOPLIST_FILE = YES;
				MARKETING_VERSION = 1.0;
				PRODUCT_BUNDLE_IDENTIFIER = antonio.FlixUITests;
				PRODUCT_NAME = "$(TARGET_NAME)";
				SWIFT_EMIT_LOC_STRINGS = NO;
				SWIFT_VERSION = 5.0;
				TARGETED_DEVICE_FAMILY = "1,2";
				TEST_TARGET_NAME = Flix;
			};
			name = Debug;
		};
		CDA7A05427C34F5C0087A515 /* Release */ = {
			isa = XCBuildConfiguration;
			baseConfigurationReference = 968823174EE760D98301D868 /* Pods-Flix-FlixUITests.release.xcconfig */;
			buildSettings = {
				ALWAYS_EMBED_SWIFT_STANDARD_LIBRARIES = YES;
				CODE_SIGN_STYLE = Automatic;
				CURRENT_PROJECT_VERSION = 1;
				GENERATE_INFOPLIST_FILE = YES;
				MARKETING_VERSION = 1.0;
				PRODUCT_BUNDLE_IDENTIFIER = antonio.FlixUITests;
				PRODUCT_NAME = "$(TARGET_NAME)";
				SWIFT_EMIT_LOC_STRINGS = NO;
				SWIFT_VERSION = 5.0;
				TARGETED_DEVICE_FAMILY = "1,2";
				TEST_TARGET_NAME = Flix;
			};
			name = Release;
		};
/* End XCBuildConfiguration section */

/* Begin XCConfigurationList section */
		CDA7A01D27C34F5A0087A515 /* Build configuration list for PBXProject "Flix" */ = {
			isa = XCConfigurationList;
			buildConfigurations = (
				CDA7A04A27C34F5C0087A515 /* Debug */,
				CDA7A04B27C34F5C0087A515 /* Release */,
			);
			defaultConfigurationIsVisible = 0;
			defaultConfigurationName = Release;
		};
		CDA7A04C27C34F5C0087A515 /* Build configuration list for PBXNativeTarget "Flix" */ = {
			isa = XCConfigurationList;
			buildConfigurations = (
				CDA7A04D27C34F5C0087A515 /* Debug */,
				CDA7A04E27C34F5C0087A515 /* Release */,
			);
			defaultConfigurationIsVisible = 0;
			defaultConfigurationName = Release;
		};
		CDA7A04F27C34F5C0087A515 /* Build configuration list for PBXNativeTarget "FlixTests" */ = {
			isa = XCConfigurationList;
			buildConfigurations = (
				CDA7A05027C34F5C0087A515 /* Debug */,
				CDA7A05127C34F5C0087A515 /* Release */,
			);
			defaultConfigurationIsVisible = 0;
			defaultConfigurationName = Release;
		};
		CDA7A05227C34F5C0087A515 /* Build configuration list for PBXNativeTarget "FlixUITests" */ = {
			isa = XCConfigurationList;
			buildConfigurations = (
				CDA7A05327C34F5C0087A515 /* Debug */,
				CDA7A05427C34F5C0087A515 /* Release */,
			);
			defaultConfigurationIsVisible = 0;
			defaultConfigurationName = Release;
		};
/* End XCConfigurationList section */
	};
	rootObject = CDA7A01A27C34F5A0087A515 /* Project object */;
}
